// !$*UTF8*$!
{
	archiveVersion = 1;
	classes = {
	};
	objectVersion = 50;
	objects = {

/* Begin PBXBuildFile section */
		D0B7003A23A23F4500CCD581 /* AppDelegate.m in Sources */ = {isa = PBXBuildFile; fileRef = D0B7003923A23F4500CCD581 /* AppDelegate.m */; };
		D0B7004223A23F4900CCD581 /* Assets.xcassets in Resources */ = {isa = PBXBuildFile; fileRef = D0B7004123A23F4900CCD581 /* Assets.xcassets */; };
		D0B7004523A23F4900CCD581 /* LaunchScreen.storyboard in Resources */ = {isa = PBXBuildFile; fileRef = D0B7004323A23F4900CCD581 /* LaunchScreen.storyboard */; };
		D0B7004823A23F4900CCD581 /* main.m in Sources */ = {isa = PBXBuildFile; fileRef = D0B7004723A23F4900CCD581 /* main.m */; };
		D0B7005623A78F5D00CCD581 /* File.m in Sources */ = {isa = PBXBuildFile; fileRef = D0B7005523A78F5D00CCD581 /* File.m */; };
		D0B7005923A7940C00CCD581 /* DynamicClass.m in Sources */ = {isa = PBXBuildFile; fileRef = D0B7005823A7940C00CCD581 /* DynamicClass.m */; };
/* End PBXBuildFile section */

/* Begin PBXFileReference section */
		D0B7003523A23F4500CCD581 /* playingWithDynamic.app */ = {isa = PBXFileReference; explicitFileType = wrapper.application; includeInIndex = 0; path = playingWithDynamic.app; sourceTree = BUILT_PRODUCTS_DIR; };
		D0B7003823A23F4500CCD581 /* AppDelegate.h */ = {isa = PBXFileReference; lastKnownFileType = sourcecode.c.h; path = AppDelegate.h; sourceTree = "<group>"; };
		D0B7003923A23F4500CCD581 /* AppDelegate.m */ = {isa = PBXFileReference; lastKnownFileType = sourcecode.c.objc; path = AppDelegate.m; sourceTree = "<group>"; };
		D0B7004123A23F4900CCD581 /* Assets.xcassets */ = {isa = PBXFileReference; lastKnownFileType = folder.assetcatalog; path = Assets.xcassets; sourceTree = "<group>"; };
		D0B7004423A23F4900CCD581 /* Base */ = {isa = PBXFileReference; lastKnownFileType = file.storyboard; name = Base; path = Base.lproj/LaunchScreen.storyboard; sourceTree = "<group>"; };
		D0B7004623A23F4900CCD581 /* Info.plist */ = {isa = PBXFileReference; lastKnownFileType = text.plist.xml; path = Info.plist; sourceTree = "<group>"; };
		D0B7004723A23F4900CCD581 /* main.m */ = {isa = PBXFileReference; lastKnownFileType = sourcecode.c.objc; path = main.m; sourceTree = "<group>"; };
		D0B7005423A78F5D00CCD581 /* File.h */ = {isa = PBXFileReference; lastKnownFileType = sourcecode.c.h; path = File.h; sourceTree = "<group>"; };
		D0B7005523A78F5D00CCD581 /* File.m */ = {isa = PBXFileReference; lastKnownFileType = sourcecode.c.objc; path = File.m; sourceTree = "<group>"; };
		D0B7005723A7940C00CCD581 /* DynamicClass.h */ = {isa = PBXFileReference; lastKnownFileType = sourcecode.c.h; path = DynamicClass.h; sourceTree = "<group>"; };
		D0B7005823A7940C00CCD581 /* DynamicClass.m */ = {isa = PBXFileReference; lastKnownFileType = sourcecode.c.objc; path = DynamicClass.m; sourceTree = "<group>"; };
/* End PBXFileReference section */

/* Begin PBXFrameworksBuildPhase section */
		D0B7003223A23F4500CCD581 /* Frameworks */ = {
			isa = PBXFrameworksBuildPhase;
			buildActionMask = 2147483647;
			files = (
			);
			runOnlyForDeploymentPostprocessing = 0;
		};
/* End PBXFrameworksBuildPhase section */

/* Begin PBXGroup section */
		D0B7002C23A23F4500CCD581 = {
			isa = PBXGroup;
			children = (
				D0B7003723A23F4500CCD581 /* playingWithDynamic */,
				D0B7003623A23F4500CCD581 /* Products */,
			);
			sourceTree = "<group>";
		};
		D0B7003623A23F4500CCD581 /* Products */ = {
			isa = PBXGroup;
			children = (
				D0B7003523A23F4500CCD581 /* playingWithDynamic.app */,
			);
			name = Products;
			sourceTree = "<group>";
		};
		D0B7003723A23F4500CCD581 /* playingWithDynamic */ = {
			isa = PBXGroup;
			children = (
				D0B7003823A23F4500CCD581 /* AppDelegate.h */,
				D0B7003923A23F4500CCD581 /* AppDelegate.m */,
				D0B7005723A7940C00CCD581 /* DynamicClass.h */,
				D0B7005823A7940C00CCD581 /* DynamicClass.m */,
				D0B7005423A78F5D00CCD581 /* File.h */,
				D0B7005523A78F5D00CCD581 /* File.m */,
				D0B7004123A23F4900CCD581 /* Assets.xcassets */,
				D0B7004323A23F4900CCD581 /* LaunchScreen.storyboard */,
				D0B7004623A23F4900CCD581 /* Info.plist */,
				D0B7004723A23F4900CCD581 /* main.m */,
			);
			path = playingWithDynamic;
			sourceTree = "<group>";
		};
/* End PBXGroup section */

/* Begin PBXNativeTarget section */
		D0B7003423A23F4500CCD581 /* playingWithDynamic */ = {
			isa = PBXNativeTarget;
			buildConfigurationList = D0B7004B23A23F4900CCD581 /* Build configuration list for PBXNativeTarget "playingWithDynamic" */;
			buildPhases = (
				D0B7003123A23F4500CCD581 /* Sources */,
				D0B7003223A23F4500CCD581 /* Frameworks */,
				D0B7003323A23F4500CCD581 /* Resources */,
			);
			buildRules = (
			);
			dependencies = (
			);
			name = playingWithDynamic;
			productName = playingWithDynamic;
			productReference = D0B7003523A23F4500CCD581 /* playingWithDynamic.app */;
			productType = "com.apple.product-type.application";
		};
/* End PBXNativeTarget section */

/* Begin PBXProject section */
		D0B7002D23A23F4500CCD581 /* Project object */ = {
			isa = PBXProject;
			attributes = {
				LastUpgradeCheck = 1030;
				ORGANIZATIONNAME = "Igor Chernyshov";
				TargetAttributes = {
					D0B7003423A23F4500CCD581 = {
						CreatedOnToolsVersion = 10.3;
					};
				};
			};
			buildConfigurationList = D0B7003023A23F4500CCD581 /* Build configuration list for PBXProject "playingWithDynamic" */;
			compatibilityVersion = "Xcode 9.3";
			developmentRegion = en;
			hasScannedForEncodings = 0;
			knownRegions = (
				en,
				Base,
			);
			mainGroup = D0B7002C23A23F4500CCD581;
			productRefGroup = D0B7003623A23F4500CCD581 /* Products */;
			projectDirPath = "";
			projectRoot = "";
			targets = (
				D0B7003423A23F4500CCD581 /* playingWithDynamic */,
			);
		};
/* End PBXProject section */

/* Begin PBXResourcesBuildPhase section */
		D0B7003323A23F4500CCD581 /* Resources */ = {
			isa = PBXResourcesBuildPhase;
			buildActionMask = 2147483647;
			files = (
				D0B7004523A23F4900CCD581 /* LaunchScreen.storyboard in Resources */,
				D0B7004223A23F4900CCD581 /* Assets.xcassets in Resources */,
			);
			runOnlyForDeploymentPostprocessing = 0;
		};
/* End PBXResourcesBuildPhase section */

/* Begin PBXSourcesBuildPhase section */
		D0B7003123A23F4500CCD581 /* Sources */ = {
			isa = PBXSourcesBuildPhase;
			buildActionMask = 2147483647;
			files = (
				D0B7005923A7940C00CCD581 /* DynamicClass.m in Sources */,
				D0B7004823A23F4900CCD581 /* main.m in Sources */,
				D0B7005623A78F5D00CCD581 /* File.m in Sources */,
				D0B7003A23A23F4500CCD581 /* AppDelegate.m in Sources */,
			);
			runOnlyForDeploymentPostprocessing = 0;
		};
/* End PBXSourcesBuildPhase section */

/* Begin PBXVariantGroup section */
		D0B7004323A23F4900CCD581 /* LaunchScreen.storyboard */ = {
			isa = PBXVariantGroup;
			children = (
				D0B7004423A23F4900CCD581 /* Base */,
			);
			name = LaunchScreen.storyboard;
			sourceTree = "<group>";
		};
/* End PBXVariantGroup section */

/* Begin XCBuildConfiguration section */
		D0B7004923A23F4900CCD581 /* Debug */ = {
			isa = XCBuildConfiguration;
			buildSettings = {
				ALWAYS_SEARCH_USER_PATHS = NO;
				CLANG_ANALYZER_NONNULL = YES;
				CLANG_ANALYZER_NUMBER_OBJECT_CONVERSION = YES_AGGRESSIVE;
				CLANG_CXX_LANGUAGE_STANDARD = "gnu++14";
				CLANG_CXX_LIBRARY = "libc++";
				CLANG_ENABLE_MODULES = YES;
				CLANG_ENABLE_OBJC_ARC = YES;
				CLANG_ENABLE_OBJC_WEAK = YES;
				CLANG_WARN_BLOCK_CAPTURE_AUTORELEASING = YES;
				CLANG_WARN_BOOL_CONVERSION = YES;
				CLANG_WARN_COMMA = YES;
				CLANG_WARN_CONSTANT_CONVERSION = YES;
				CLANG_WARN_DEPRECATED_OBJC_IMPLEMENTATIONS = YES;
				CLANG_WARN_DIRECT_OBJC_ISA_USAGE = YES_ERROR;
				CLANG_WARN_DOCUMENTATION_COMMENTS = YES;
				CLANG_WARN_EMPTY_BODY = YES;
				CLANG_WARN_ENUM_CONVERSION = YES;
				CLANG_WARN_INFINITE_RECURSION = YES;
				CLANG_WARN_INT_CONVERSION = YES;
				CLANG_WARN_NON_LITERAL_NULL_CONVERSION = YES;
				CLANG_WARN_OBJC_IMPLICIT_RETAIN_SELF = YES;
				CLANG_WARN_OBJC_LITERAL_CONVERSION = YES;
				CLANG_WARN_OBJC_ROOT_CLASS = YES_ERROR;
				CLANG_WARN_RANGE_LOOP_ANALYSIS = YES;
				CLANG_WARN_STRICT_PROTOTYPES = YES;
				CLANG_WARN_SUSPICIOUS_MOVE = YES;
				CLANG_WARN_UNGUARDED_AVAILABILITY = YES_AGGRESSIVE;
				CLANG_WARN_UNREACHABLE_CODE = YES;
				CLANG_WARN__DUPLICATE_METHOD_MATCH = YES;
				CODE_SIGN_IDENTITY = "iPhone Developer";
				COPY_PHASE_STRIP = NO;
				DEBUG_INFORMATION_FORMAT = dwarf;
				ENABLE_STRICT_OBJC_MSGSEND = YES;
				ENABLE_TESTABILITY = YES;
				GCC_C_LANGUAGE_STANDARD = gnu11;
				GCC_DYNAMIC_NO_PIC = NO;
				GCC_NO_COMMON_BLOCKS = YES;
				GCC_OPTIMIZATION_LEVEL = 0;
				GCC_PREPROCESSOR_DEFINITIONS = (
					"DEBUG=1",
					"$(inherited)",
				);
				GCC_WARN_64_TO_32_BIT_CONVERSION = YES;
				GCC_WARN_ABOUT_RETURN_TYPE = YES_ERROR;
				GCC_WARN_UNDECLARED_SELECTOR = YES;
				GCC_WARN_UNINITIALIZED_AUTOS = YES_AGGRESSIVE;
				GCC_WARN_UNUSED_FUNCTION = YES;
				GCC_WARN_UNUSED_VARIABLE = YES;
				IPHONEOS_DEPLOYMENT_TARGET = 12.4;
				MTL_ENABLE_DEBUG_INFO = INCLUDE_SOURCE;
				MTL_FAST_MATH = YES;
				ONLY_ACTIVE_ARCH = YES;
				SDKROOT = iphoneos;
			};
			name = Debug;
		};
		D0B7004A23A23F4900CCD581 /* Release */ = {
			isa = XCBuildConfiguration;
			buildSettings = {
				ALWAYS_SEARCH_USER_PATHS = NO;
				CLANG_ANALYZER_NONNULL = YES;
				CLANG_ANALYZER_NUMBER_OBJECT_CONVERSION = YES_AGGRESSIVE;
				CLANG_CXX_LANGUAGE_STANDARD = "gnu++14";
				CLANG_CXX_LIBRARY = "libc++";
				CLANG_ENABLE_MODULES = YES;
				CLANG_ENABLE_OBJC_ARC = YES;
				CLANG_ENABLE_OBJC_WEAK = YES;
				CLANG_WARN_BLOCK_CAPTURE_AUTORELEASING = YES;
				CLANG_WARN_BOOL_CONVERSION = YES;
				CLANG_WARN_COMMA = YES;
				CLANG_WARN_CONSTANT_CONVERSION = YES;
				CLANG_WARN_DEPRECATED_OBJC_IMPLEMENTATIONS = YES;
				CLANG_WARN_DIRECT_OBJC_ISA_USAGE = YES_ERROR;
				CLANG_WARN_DOCUMENTATION_COMMENTS = YES;
				CLANG_WARN_EMPTY_BODY = YES;
				CLANG_WARN_ENUM_CONVERSION = YES;
				CLANG_WARN_INFINITE_RECURSION = YES;
				CLANG_WARN_INT_CONVERSION = YES;
				CLANG_WARN_NON_LITERAL_NULL_CONVERSION = YES;
				CLANG_WARN_OBJC_IMPLICIT_RETAIN_SELF = YES;
				CLANG_WARN_OBJC_LITERAL_CONVERSION = YES;
				CLANG_WARN_OBJC_ROOT_CLASS = YES_ERROR;
				CLANG_WARN_RANGE_LOOP_ANALYSIS = YES;
				CLANG_WARN_STRICT_PROTOTYPES = YES;
				CLANG_WARN_SUSPICIOUS_MOVE = YES;
				CLANG_WARN_UNGUARDED_AVAILABILITY = YES_AGGRESSIVE;
				CLANG_WARN_UNREACHABLE_CODE = YES;
				CLANG_WARN__DUPLICATE_METHOD_MATCH = YES;
				CODE_SIGN_IDENTITY = "iPhone Developer";
				COPY_PHASE_STRIP = NO;
				DEBUG_INFORMATION_FORMAT = "dwarf-with-dsym";
				ENABLE_NS_ASSERTIONS = NO;
				ENABLE_STRICT_OBJC_MSGSEND = YES;
				GCC_C_LANGUAGE_STANDARD = gnu11;
				GCC_NO_COMMON_BLOCKS = YES;
				GCC_WARN_64_TO_32_BIT_CONVERSION = YES;
				GCC_WARN_ABOUT_RETURN_TYPE = YES_ERROR;
				GCC_WARN_UNDECLARED_SELECTOR = YES;
				GCC_WARN_UNINITIALIZED_AUTOS = YES_AGGRESSIVE;
				GCC_WARN_UNUSED_FUNCTION = YES;
				GCC_WARN_UNUSED_VARIABLE = YES;
				IPHONEOS_DEPLOYMENT_TARGET = 12.4;
				MTL_ENABLE_DEBUG_INFO = NO;
				MTL_FAST_MATH = YES;
				SDKROOT = iphoneos;
				VALIDATE_PRODUCT = YES;
			};
			name = Release;
		};
		D0B7004C23A23F4900CCD581 /* Debug */ = {
			isa = XCBuildConfiguration;
			buildSettings = {
				ASSETCATALOG_COMPILER_APPICON_NAME = AppIcon;
				CODE_SIGN_STYLE = Automatic;
				INFOPLIST_FILE = playingWithDynamic/Info.plist;
				LD_RUNPATH_SEARCH_PATHS = (
					"$(inherited)",
					"@executable_path/Frameworks",
				);
				PRODUCT_BUNDLE_IDENTIFIER = Frostfell.playingWithDynamic;
				PRODUCT_NAME = "$(TARGET_NAME)";
				TARGETED_DEVICE_FAMILY = "1,2";
			};
			name = Debug;
		};
		D0B7004D23A23F4900CCD581 /* Release */ = {
			isa = XCBuildConfiguration;
			buildSettings = {
				ASSETCATALOG_COMPILER_APPICON_NAME = AppIcon;
				CODE_SIGN_STYLE = Automatic;
				INFOPLIST_FILE = playingWithDynamic/Info.plist;
				LD_RUNPATH_SEARCH_PATHS = (
					"$(inherited)",
					"@executable_path/Frameworks",
				);
				PRODUCT_BUNDLE_IDENTIFIER = Frostfell.playingWithDynamic;
				PRODUCT_NAME = "$(TARGET_NAME)";
				TARGETED_DEVICE_FAMILY = "1,2";
			};
			name = Release;
		};
/* End XCBuildConfiguration section */

/* Begin XCConfigurationList section */
		D0B7003023A23F4500CCD581 /* Build configuration list for PBXProject "playingWithDynamic" */ = {
			isa = XCConfigurationList;
			buildConfigurations = (
				D0B7004923A23F4900CCD581 /* Debug */,
				D0B7004A23A23F4900CCD581 /* Release */,
			);
			defaultConfigurationIsVisible = 0;
			defaultConfigurationName = Release;
		};
		D0B7004B23A23F4900CCD581 /* Build configuration list for PBXNativeTarget "playingWithDynamic" */ = {
			isa = XCConfigurationList;
			buildConfigurations = (
				D0B7004C23A23F4900CCD581 /* Debug */,
				D0B7004D23A23F4900CCD581 /* Release */,
			);
			defaultConfigurationIsVisible = 0;
			defaultConfigurationName = Release;
		};
/* End XCConfigurationList section */
	};
	rootObject = D0B7002D23A23F4500CCD581 /* Project object */;
}
